// !$*UTF8*$!
{
	archiveVersion = 1;
	classes = {
	};
	objectVersion = 46;
	objects = {

/* Begin PBXBuildFile section */
		2307523DC321C62AC6EA3353 /* Pods_iMesaageApp.framework in Frameworks */ = {isa = PBXBuildFile; fileRef = 95C65FA3D1D681FA9F2E5D02 /* Pods_iMesaageApp.framework */; };
		4BCDF8871E14E760001D2AB2 /* Assets.xcassets in Resources */ = {isa = PBXBuildFile; fileRef = 4BCDF8861E14E760001D2AB2 /* Assets.xcassets */; };
		4BCDF88E1E14E760001D2AB2 /* MessagesExtension.appex in Embed App Extensions */ = {isa = PBXBuildFile; fileRef = 4BCDF88D1E14E760001D2AB2 /* MessagesExtension.appex */; settings = {ATTRIBUTES = (RemoveHeadersOnCopy, ); }; };
		4BCDF8931E14E760001D2AB2 /* Messages.framework in Frameworks */ = {isa = PBXBuildFile; fileRef = 4BCDF8921E14E760001D2AB2 /* Messages.framework */; };
		4BCDF8961E14E760001D2AB2 /* MessagesViewController.swift in Sources */ = {isa = PBXBuildFile; fileRef = 4BCDF8951E14E760001D2AB2 /* MessagesViewController.swift */; };
		4BCDF8991E14E760001D2AB2 /* MainInterface.storyboard in Resources */ = {isa = PBXBuildFile; fileRef = 4BCDF8971E14E760001D2AB2 /* MainInterface.storyboard */; };
		4BCDF89B1E14E760001D2AB2 /* Assets.xcassets in Resources */ = {isa = PBXBuildFile; fileRef = 4BCDF89A1E14E760001D2AB2 /* Assets.xcassets */; };
		D347B7DA8F312A798A10CC09 /* Pods_MessagesExtension.framework in Frameworks */ = {isa = PBXBuildFile; fileRef = D93E1CC4EDBB5B335358911A /* Pods_MessagesExtension.framework */; };
/* End PBXBuildFile section */

/* Begin PBXContainerItemProxy section */
		4BCDF88F1E14E760001D2AB2 /* PBXContainerItemProxy */ = {
			isa = PBXContainerItemProxy;
			containerPortal = 4BCDF87D1E14E75F001D2AB2 /* Project object */;
			proxyType = 1;
			remoteGlobalIDString = 4BCDF88C1E14E760001D2AB2;
			remoteInfo = MessagesExtension;
		};
/* End PBXContainerItemProxy section */

/* Begin PBXCopyFilesBuildPhase section */
		4BCDF8A21E14E760001D2AB2 /* Embed App Extensions */ = {
			isa = PBXCopyFilesBuildPhase;
			buildActionMask = 2147483647;
			dstPath = "";
			dstSubfolderSpec = 13;
			files = (
				4BCDF88E1E14E760001D2AB2 /* MessagesExtension.appex in Embed App Extensions */,
			);
			name = "Embed App Extensions";
			runOnlyForDeploymentPostprocessing = 0;
		};
/* End PBXCopyFilesBuildPhase section */

/* Begin PBXFileReference section */
		4BCDF8831E14E760001D2AB2 /* iMesaageApp.app */ = {isa = PBXFileReference; explicitFileType = wrapper.application; includeInIndex = 0; path = iMesaageApp.app; sourceTree = BUILT_PRODUCTS_DIR; };
		4BCDF8861E14E760001D2AB2 /* Assets.xcassets */ = {isa = PBXFileReference; lastKnownFileType = folder.assetcatalog; path = Assets.xcassets; sourceTree = "<group>"; };
		4BCDF8881E14E760001D2AB2 /* Info.plist */ = {isa = PBXFileReference; lastKnownFileType = text.plist.xml; path = Info.plist; sourceTree = "<group>"; };
		4BCDF88D1E14E760001D2AB2 /* MessagesExtension.appex */ = {isa = PBXFileReference; explicitFileType = "wrapper.app-extension"; includeInIndex = 0; path = MessagesExtension.appex; sourceTree = BUILT_PRODUCTS_DIR; };
		4BCDF8921E14E760001D2AB2 /* Messages.framework */ = {isa = PBXFileReference; lastKnownFileType = wrapper.framework; name = Messages.framework; path = System/Library/Frameworks/Messages.framework; sourceTree = SDKROOT; };
		4BCDF8951E14E760001D2AB2 /* MessagesViewController.swift */ = {isa = PBXFileReference; lastKnownFileType = sourcecode.swift; path = MessagesViewController.swift; sourceTree = "<group>"; };
		4BCDF8981E14E760001D2AB2 /* Base */ = {isa = PBXFileReference; lastKnownFileType = file.storyboard; name = Base; path = Base.lproj/MainInterface.storyboard; sourceTree = "<group>"; };
		4BCDF89A1E14E760001D2AB2 /* Assets.xcassets */ = {isa = PBXFileReference; lastKnownFileType = folder.assetcatalog; path = Assets.xcassets; sourceTree = "<group>"; };
		4BCDF89C1E14E760001D2AB2 /* Info.plist */ = {isa = PBXFileReference; lastKnownFileType = text.plist.xml; path = Info.plist; sourceTree = "<group>"; };
		8EDA8E2829680B2DEA7E1CF0 /* Pods-MessagesExtension.debug.xcconfig */ = {isa = PBXFileReference; includeInIndex = 1; lastKnownFileType = text.xcconfig; name = "Pods-MessagesExtension.debug.xcconfig"; path = "Pods/Target Support Files/Pods-MessagesExtension/Pods-MessagesExtension.debug.xcconfig"; sourceTree = "<group>"; };
		95C65FA3D1D681FA9F2E5D02 /* Pods_iMesaageApp.framework */ = {isa = PBXFileReference; explicitFileType = wrapper.framework; includeInIndex = 0; path = Pods_iMesaageApp.framework; sourceTree = BUILT_PRODUCTS_DIR; };
		C29E1508D3EECFEE486F0F84 /* Pods-iMesaageApp.debug.xcconfig */ = {isa = PBXFileReference; includeInIndex = 1; lastKnownFileType = text.xcconfig; name = "Pods-iMesaageApp.debug.xcconfig"; path = "Pods/Target Support Files/Pods-iMesaageApp/Pods-iMesaageApp.debug.xcconfig"; sourceTree = "<group>"; };
		D93E1CC4EDBB5B335358911A /* Pods_MessagesExtension.framework */ = {isa = PBXFileReference; explicitFileType = wrapper.framework; includeInIndex = 0; path = Pods_MessagesExtension.framework; sourceTree = BUILT_PRODUCTS_DIR; };
		F339F621CA1936138AA1F466 /* Pods-iMesaageApp.release.xcconfig */ = {isa = PBXFileReference; includeInIndex = 1; lastKnownFileType = text.xcconfig; name = "Pods-iMesaageApp.release.xcconfig"; path = "Pods/Target Support Files/Pods-iMesaageApp/Pods-iMesaageApp.release.xcconfig"; sourceTree = "<group>"; };
		F41A403E4B911F667315CA6B /* Pods-MessagesExtension.release.xcconfig */ = {isa = PBXFileReference; includeInIndex = 1; lastKnownFileType = text.xcconfig; name = "Pods-MessagesExtension.release.xcconfig"; path = "Pods/Target Support Files/Pods-MessagesExtension/Pods-MessagesExtension.release.xcconfig"; sourceTree = "<group>"; };
/* End PBXFileReference section */

/* Begin PBXFrameworksBuildPhase section */
		4BCDF88A1E14E760001D2AB2 /* Frameworks */ = {
			isa = PBXFrameworksBuildPhase;
			buildActionMask = 2147483647;
			files = (
				4BCDF8931E14E760001D2AB2 /* Messages.framework in Frameworks */,
				D347B7DA8F312A798A10CC09 /* Pods_MessagesExtension.framework in Frameworks */,
			);
			runOnlyForDeploymentPostprocessing = 0;
		};
		74C5BA2343F508B5EAC0EF89 /* Frameworks */ = {
			isa = PBXFrameworksBuildPhase;
			buildActionMask = 2147483647;
			files = (
				2307523DC321C62AC6EA3353 /* Pods_iMesaageApp.framework in Frameworks */,
			);
			runOnlyForDeploymentPostprocessing = 0;
		};
/* End PBXFrameworksBuildPhase section */

/* Begin PBXGroup section */
		102A4AF469DAB5600F0697E9 /* Pods */ = {
			isa = PBXGroup;
			children = (
				8EDA8E2829680B2DEA7E1CF0 /* Pods-MessagesExtension.debug.xcconfig */,
				F41A403E4B911F667315CA6B /* Pods-MessagesExtension.release.xcconfig */,
				C29E1508D3EECFEE486F0F84 /* Pods-iMesaageApp.debug.xcconfig */,
				F339F621CA1936138AA1F466 /* Pods-iMesaageApp.release.xcconfig */,
			);
			name = Pods;
			sourceTree = "<group>";
		};
		4BCDF87C1E14E75F001D2AB2 = {
			isa = PBXGroup;
			children = (
				4BCDF8851E14E760001D2AB2 /* iMesaageApp */,
				4BCDF8941E14E760001D2AB2 /* MessagesExtension */,
				4BCDF8911E14E760001D2AB2 /* Frameworks */,
				4BCDF8841E14E760001D2AB2 /* Products */,
				102A4AF469DAB5600F0697E9 /* Pods */,
			);
			sourceTree = "<group>";
		};
		4BCDF8841E14E760001D2AB2 /* Products */ = {
			isa = PBXGroup;
			children = (
				4BCDF8831E14E760001D2AB2 /* iMesaageApp.app */,
				4BCDF88D1E14E760001D2AB2 /* MessagesExtension.appex */,
			);
			name = Products;
			sourceTree = "<group>";
		};
		4BCDF8851E14E760001D2AB2 /* iMesaageApp */ = {
			isa = PBXGroup;
			children = (
				4BCDF8861E14E760001D2AB2 /* Assets.xcassets */,
				4BCDF8881E14E760001D2AB2 /* Info.plist */,
			);
			path = iMesaageApp;
			sourceTree = "<group>";
		};
		4BCDF8911E14E760001D2AB2 /* Frameworks */ = {
			isa = PBXGroup;
			children = (
				4BCDF8921E14E760001D2AB2 /* Messages.framework */,
				D93E1CC4EDBB5B335358911A /* Pods_MessagesExtension.framework */,
				95C65FA3D1D681FA9F2E5D02 /* Pods_iMesaageApp.framework */,
			);
			name = Frameworks;
			sourceTree = "<group>";
		};
		4BCDF8941E14E760001D2AB2 /* MessagesExtension */ = {
			isa = PBXGroup;
			children = (
				4BCDF8951E14E760001D2AB2 /* MessagesViewController.swift */,
				4BCDF8971E14E760001D2AB2 /* MainInterface.storyboard */,
				4BCDF89A1E14E760001D2AB2 /* Assets.xcassets */,
				4BCDF89C1E14E760001D2AB2 /* Info.plist */,
			);
			path = MessagesExtension;
			sourceTree = "<group>";
		};
/* End PBXGroup section */

/* Begin PBXNativeTarget section */
		4BCDF8821E14E75F001D2AB2 /* iMesaageApp */ = {
			isa = PBXNativeTarget;
			buildConfigurationList = 4BCDF8A31E14E760001D2AB2 /* Build configuration list for PBXNativeTarget "iMesaageApp" */;
			buildPhases = (
				DEDEB05C8E3946E6C4678FAC /* [CP] Check Pods Manifest.lock */,
				4BCDF8811E14E75F001D2AB2 /* Resources */,
				4BCDF8A21E14E760001D2AB2 /* Embed App Extensions */,
				74C5BA2343F508B5EAC0EF89 /* Frameworks */,
				08933ADBAAE1DBBBEB1321B6 /* [CP] Embed Pods Frameworks */,
				757AABB4E4548CB2630E3DC5 /* [CP] Copy Pods Resources */,
			);
			buildRules = (
			);
			dependencies = (
				4BCDF8901E14E760001D2AB2 /* PBXTargetDependency */,
			);
			name = iMesaageApp;
			productName = iMesaageApp;
			productReference = 4BCDF8831E14E760001D2AB2 /* iMesaageApp.app */;
			productType = "com.apple.product-type.application.messages";
		};
		4BCDF88C1E14E760001D2AB2 /* MessagesExtension */ = {
			isa = PBXNativeTarget;
			buildConfigurationList = 4BCDF89F1E14E760001D2AB2 /* Build configuration list for PBXNativeTarget "MessagesExtension" */;
			buildPhases = (
				C85C0C8F718B6E4EE59B022D /* [CP] Check Pods Manifest.lock */,
				4BCDF8891E14E760001D2AB2 /* Sources */,
				4BCDF88A1E14E760001D2AB2 /* Frameworks */,
				4BCDF88B1E14E760001D2AB2 /* Resources */,
				085713EAAEDF2C68A8BB4710 /* [CP] Copy Pods Resources */,
			);
			buildRules = (
			);
			dependencies = (
			);
			name = MessagesExtension;
			productName = MessagesExtension;
			productReference = 4BCDF88D1E14E760001D2AB2 /* MessagesExtension.appex */;
			productType = "com.apple.product-type.app-extension.messages";
		};
/* End PBXNativeTarget section */

/* Begin PBXProject section */
		4BCDF87D1E14E75F001D2AB2 /* Project object */ = {
			isa = PBXProject;
			attributes = {
				LastSwiftUpdateCheck = 0810;
				LastUpgradeCheck = 0810;
				ORGANIZATIONNAME = "DaffolapMac-43";
				TargetAttributes = {
					4BCDF8821E14E75F001D2AB2 = {
						CreatedOnToolsVersion = 8.1;
						ProvisioningStyle = Automatic;
					};
					4BCDF88C1E14E760001D2AB2 = {
						CreatedOnToolsVersion = 8.1;
						ProvisioningStyle = Automatic;
					};
				};
			};
			buildConfigurationList = 4BCDF8801E14E75F001D2AB2 /* Build configuration list for PBXProject "iMesaageApp" */;
			compatibilityVersion = "Xcode 3.2";
			developmentRegion = English;
			hasScannedForEncodings = 0;
			knownRegions = (
				en,
				Base,
			);
			mainGroup = 4BCDF87C1E14E75F001D2AB2;
			productRefGroup = 4BCDF8841E14E760001D2AB2 /* Products */;
			projectDirPath = "";
			projectRoot = "";
			targets = (
				4BCDF8821E14E75F001D2AB2 /* iMesaageApp */,
				4BCDF88C1E14E760001D2AB2 /* MessagesExtension */,
			);
		};
/* End PBXProject section */

/* Begin PBXResourcesBuildPhase section */
		4BCDF8811E14E75F001D2AB2 /* Resources */ = {
			isa = PBXResourcesBuildPhase;
			buildActionMask = 2147483647;
			files = (
				4BCDF8871E14E760001D2AB2 /* Assets.xcassets in Resources */,
			);
			runOnlyForDeploymentPostprocessing = 0;
		};
		4BCDF88B1E14E760001D2AB2 /* Resources */ = {
			isa = PBXResourcesBuildPhase;
			buildActionMask = 2147483647;
			files = (
				4BCDF89B1E14E760001D2AB2 /* Assets.xcassets in Resources */,
				4BCDF8991E14E760001D2AB2 /* MainInterface.storyboard in Resources */,
			);
			runOnlyForDeploymentPostprocessing = 0;
		};
/* End PBXResourcesBuildPhase section */

/* Begin PBXShellScriptBuildPhase section */
		085713EAAEDF2C68A8BB4710 /* [CP] Copy Pods Resources */ = {
			isa = PBXShellScriptBuildPhase;
			buildActionMask = 2147483647;
			files = (
			);
			inputPaths = (
			);
			name = "[CP] Copy Pods Resources";
			outputPaths = (
			);
			runOnlyForDeploymentPostprocessing = 0;
			shellPath = /bin/sh;
			shellScript = "\"${SRCROOT}/Pods/Target Support Files/Pods-MessagesExtension/Pods-MessagesExtension-resources.sh\"\n";
			showEnvVarsInLog = 0;
		};
		08933ADBAAE1DBBBEB1321B6 /* [CP] Embed Pods Frameworks */ = {
			isa = PBXShellScriptBuildPhase;
			buildActionMask = 2147483647;
			files = (
			);
			inputPaths = (
			);
			name = "[CP] Embed Pods Frameworks";
			outputPaths = (
			);
			runOnlyForDeploymentPostprocessing = 0;
			shellPath = /bin/sh;
			shellScript = "\"${SRCROOT}/Pods/Target Support Files/Pods-iMesaageApp/Pods-iMesaageApp-frameworks.sh\"\n";
			showEnvVarsInLog = 0;
		};
		757AABB4E4548CB2630E3DC5 /* [CP] Copy Pods Resources */ = {
			isa = PBXShellScriptBuildPhase;
			buildActionMask = 2147483647;
			files = (
			);
			inputPaths = (
			);
			name = "[CP] Copy Pods Resources";
			outputPaths = (
			);
			runOnlyForDeploymentPostprocessing = 0;
			shellPath = /bin/sh;
			shellScript = "\"${SRCROOT}/Pods/Target Support Files/Pods-iMesaageApp/Pods-iMesaageApp-resources.sh\"\n";
			showEnvVarsInLog = 0;
		};
		C85C0C8F718B6E4EE59B022D /* [CP] Check Pods Manifest.lock */ = {
			isa = PBXShellScriptBuildPhase;
			buildActionMask = 2147483647;
			files = (
			);
			inputPaths = (
			);
			name = "[CP] Check Pods Manifest.lock";
			outputPaths = (
			);
			runOnlyForDeploymentPostprocessing = 0;
			shellPath = /bin/sh;
			shellScript = "diff \"${PODS_ROOT}/../Podfile.lock\" \"${PODS_ROOT}/Manifest.lock\" > /dev/null\nif [ $? != 0 ] ; then\n    # print error to STDERR\n    echo \"error: The sandbox is not in sync with the Podfile.lock. Run \'pod install\' or update your CocoaPods installation.\" >&2\n    exit 1\nfi\n";
			showEnvVarsInLog = 0;
		};
		DEDEB05C8E3946E6C4678FAC /* [CP] Check Pods Manifest.lock */ = {
			isa = PBXShellScriptBuildPhase;
			buildActionMask = 2147483647;
			files = (
			);
			inputPaths = (
			);
			name = "[CP] Check Pods Manifest.lock";
			outputPaths = (
			);
			runOnlyForDeploymentPostprocessing = 0;
			shellPath = /bin/sh;
			shellScript = "diff \"${PODS_ROOT}/../Podfile.lock\" \"${PODS_ROOT}/Manifest.lock\" > /dev/null\nif [ $? != 0 ] ; then\n    # print error to STDERR\n    echo \"error: The sandbox is not in sync with the Podfile.lock. Run \'pod install\' or update your CocoaPods installation.\" >&2\n    exit 1\nfi\n";
			showEnvVarsInLog = 0;
		};
/* End PBXShellScriptBuildPhase section */

/* Begin PBXSourcesBuildPhase section */
		4BCDF8891E14E760001D2AB2 /* Sources */ = {
			isa = PBXSourcesBuildPhase;
			buildActionMask = 2147483647;
			files = (
				4BCDF8961E14E760001D2AB2 /* MessagesViewController.swift in Sources */,
			);
			runOnlyForDeploymentPostprocessing = 0;
		};
/* End PBXSourcesBuildPhase section */

/* Begin PBXTargetDependency section */
		4BCDF8901E14E760001D2AB2 /* PBXTargetDependency */ = {
			isa = PBXTargetDependency;
			target = 4BCDF88C1E14E760001D2AB2 /* MessagesExtension */;
			targetProxy = 4BCDF88F1E14E760001D2AB2 /* PBXContainerItemProxy */;
		};
/* End PBXTargetDependency section */

/* Begin PBXVariantGroup section */
		4BCDF8971E14E760001D2AB2 /* MainInterface.storyboard */ = {
			isa = PBXVariantGroup;
			children = (
				4BCDF8981E14E760001D2AB2 /* Base */,
			);
			name = MainInterface.storyboard;
			sourceTree = "<group>";
		};
/* End PBXVariantGroup section */

/* Begin XCBuildConfiguration section */
		4BCDF89D1E14E760001D2AB2 /* Debug */ = {
			isa = XCBuildConfiguration;
			buildSettings = {
				ALWAYS_SEARCH_USER_PATHS = NO;
				CLANG_ANALYZER_NONNULL = YES;
				CLANG_CXX_LANGUAGE_STANDARD = "gnu++0x";
				CLANG_CXX_LIBRARY = "libc++";
				CLANG_ENABLE_MODULES = YES;
				CLANG_ENABLE_OBJC_ARC = YES;
				CLANG_WARN_BOOL_CONVERSION = YES;
				CLANG_WARN_CONSTANT_CONVERSION = YES;
				CLANG_WARN_DIRECT_OBJC_ISA_USAGE = YES_ERROR;
				CLANG_WARN_DOCUMENTATION_COMMENTS = YES;
				CLANG_WARN_EMPTY_BODY = YES;
				CLANG_WARN_ENUM_CONVERSION = YES;
				CLANG_WARN_INFINITE_RECURSION = YES;
				CLANG_WARN_INT_CONVERSION = YES;
				CLANG_WARN_OBJC_ROOT_CLASS = YES_ERROR;
				CLANG_WARN_SUSPICIOUS_MOVES = YES;
				CLANG_WARN_UNREACHABLE_CODE = YES;
				CLANG_WARN__DUPLICATE_METHOD_MATCH = YES;
				"CODE_SIGN_IDENTITY[sdk=iphoneos*]" = "iPhone Developer";
				COPY_PHASE_STRIP = NO;
				DEBUG_INFORMATION_FORMAT = dwarf;
				ENABLE_STRICT_OBJC_MSGSEND = YES;
				ENABLE_TESTABILITY = YES;
				GCC_C_LANGUAGE_STANDARD = gnu99;
				GCC_DYNAMIC_NO_PIC = NO;
				GCC_NO_COMMON_BLOCKS = YES;
				GCC_OPTIMIZATION_LEVEL = 0;
				GCC_PREPROCESSOR_DEFINITIONS = (
					"DEBUG=1",
					"$(inherited)",
				);
				GCC_WARN_64_TO_32_BIT_CONVERSION = YES;
				GCC_WARN_ABOUT_RETURN_TYPE = YES_ERROR;
				GCC_WARN_UNDECLARED_SELECTOR = YES;
				GCC_WARN_UNINITIALIZED_AUTOS = YES_AGGRESSIVE;
				GCC_WARN_UNUSED_FUNCTION = YES;
				GCC_WARN_UNUSED_VARIABLE = YES;
				IPHONEOS_DEPLOYMENT_TARGET = 10.1;
				MTL_ENABLE_DEBUG_INFO = YES;
				ONLY_ACTIVE_ARCH = YES;
				SDKROOT = iphoneos;
				SWIFT_ACTIVE_COMPILATION_CONDITIONS = DEBUG;
				SWIFT_OPTIMIZATION_LEVEL = "-Onone";
				TARGETED_DEVICE_FAMILY = "1,2";
			};
			name = Debug;
		};
		4BCDF89E1E14E760001D2AB2 /* Release */ = {
			isa = XCBuildConfiguration;
			buildSettings = {
				ALWAYS_SEARCH_USER_PATHS = NO;
				CLANG_ANALYZER_NONNULL = YES;
				CLANG_CXX_LANGUAGE_STANDARD = "gnu++0x";
				CLANG_CXX_LIBRARY = "libc++";
				CLANG_ENABLE_MODULES = YES;
				CLANG_ENABLE_OBJC_ARC = YES;
				CLANG_WARN_BOOL_CONVERSION = YES;
				CLANG_WARN_CONSTANT_CONVERSION = YES;
				CLANG_WARN_DIRECT_OBJC_ISA_USAGE = YES_ERROR;
				CLANG_WARN_DOCUMENTATION_COMMENTS = YES;
				CLANG_WARN_EMPTY_BODY = YES;
				CLANG_WARN_ENUM_CONVERSION = YES;
				CLANG_WARN_INFINITE_RECURSION = YES;
				CLANG_WARN_INT_CONVERSION = YES;
				CLANG_WARN_OBJC_ROOT_CLASS = YES_ERROR;
				CLANG_WARN_SUSPICIOUS_MOVES = YES;
				CLANG_WARN_UNREACHABLE_CODE = YES;
				CLANG_WARN__DUPLICATE_METHOD_MATCH = YES;
				"CODE_SIGN_IDENTITY[sdk=iphoneos*]" = "iPhone Developer";
				COPY_PHASE_STRIP = NO;
				DEBUG_INFORMATION_FORMAT = "dwarf-with-dsym";
				ENABLE_NS_ASSERTIONS = NO;
				ENABLE_STRICT_OBJC_MSGSEND = YES;
				GCC_C_LANGUAGE_STANDARD = gnu99;
				GCC_NO_COMMON_BLOCKS = YES;
				GCC_WARN_64_TO_32_BIT_CONVERSION = YES;
				GCC_WARN_ABOUT_RETURN_TYPE = YES_ERROR;
				GCC_WARN_UNDECLARED_SELECTOR = YES;
				GCC_WARN_UNINITIALIZED_AUTOS = YES_AGGRESSIVE;
				GCC_WARN_UNUSED_FUNCTION = YES;
				GCC_WARN_UNUSED_VARIABLE = YES;
				IPHONEOS_DEPLOYMENT_TARGET = 10.1;
				MTL_ENABLE_DEBUG_INFO = NO;
				SDKROOT = iphoneos;
				SWIFT_OPTIMIZATION_LEVEL = "-Owholemodule";
				TARGETED_DEVICE_FAMILY = "1,2";
				VALIDATE_PRODUCT = YES;
			};
			name = Release;
		};
		4BCDF8A01E14E760001D2AB2 /* Debug */ = {
			isa = XCBuildConfiguration;
			baseConfigurationReference = 8EDA8E2829680B2DEA7E1CF0 /* Pods-MessagesExtension.debug.xcconfig */;
			buildSettings = {
				ASSETCATALOG_COMPILER_APPICON_NAME = "iMessage App Icon";
				INFOPLIST_FILE = MessagesExtension/Info.plist;
				LD_RUNPATH_SEARCH_PATHS = "$(inherited) @executable_path/Frameworks @executable_path/../../Frameworks";
				PRODUCT_BUNDLE_IDENTIFIER = com.daffodilsw.iMesaageApp.MessagesExtension;
				PRODUCT_NAME = "$(TARGET_NAME)";
				SKIP_INSTALL = YES;
				SWIFT_VERSION = 3.0;
			};
			name = Debug;
		};
		4BCDF8A11E14E760001D2AB2 /* Release */ = {
			isa = XCBuildConfiguration;
			baseConfigurationReference = F41A403E4B911F667315CA6B /* Pods-MessagesExtension.release.xcconfig */;
			buildSettings = {
				ASSETCATALOG_COMPILER_APPICON_NAME = "iMessage App Icon";
				INFOPLIST_FILE = MessagesExtension/Info.plist;
				LD_RUNPATH_SEARCH_PATHS = "$(inherited) @executable_path/Frameworks @executable_path/../../Frameworks";
				PRODUCT_BUNDLE_IDENTIFIER = com.daffodilsw.iMesaageApp.MessagesExtension;
				PRODUCT_NAME = "$(TARGET_NAME)";
				SKIP_INSTALL = YES;
				SWIFT_VERSION = 3.0;
			};
			name = Release;
		};
		4BCDF8A41E14E760001D2AB2 /* Debug */ = {
			isa = XCBuildConfiguration;
			baseConfigurationReference = C29E1508D3EECFEE486F0F84 /* Pods-iMesaageApp.debug.xcconfig */;
			buildSettings = {
				ALWAYS_EMBED_SWIFT_STANDARD_LIBRARIES = YES;
				ASSETCATALOG_COMPILER_APPICON_NAME = AppIcon;
				INFOPLIST_FILE = iMesaageApp/Info.plist;
				PRODUCT_BUNDLE_IDENTIFIER = com.daffodilsw.iMesaageApp;
				PRODUCT_NAME = "$(TARGET_NAME)";
				SWIFT_VERSION = 3.0;
			};
			name = Debug;
		};
		4BCDF8A51E14E760001D2AB2 /* Release */ = {
			isa = XCBuildConfiguration;
			baseConfigurationReference = F339F621CA1936138AA1F466 /* Pods-iMesaageApp.release.xcconfig */;
			buildSettings = {
				ALWAYS_EMBED_SWIFT_STANDARD_LIBRARIES = YES;
				ASSETCATALOG_COMPILER_APPICON_NAME = AppIcon;
				INFOPLIST_FILE = iMesaageApp/Info.plist;
				PRODUCT_BUNDLE_IDENTIFIER = com.daffodilsw.iMesaageApp;
				PRODUCT_NAME = "$(TARGET_NAME)";
				SWIFT_VERSION = 3.0;
			};
			name = Release;
		};
/* End XCBuildConfiguration section */

/* Begin XCConfigurationList section */
		4BCDF8801E14E75F001D2AB2 /* Build configuration list for PBXProject "iMesaageApp" */ = {
			isa = XCConfigurationList;
			buildConfigurations = (
				4BCDF89D1E14E760001D2AB2 /* Debug */,
				4BCDF89E1E14E760001D2AB2 /* Release */,
			);
			defaultConfigurationIsVisible = 0;
			defaultConfigurationName = Release;
		};
		4BCDF89F1E14E760001D2AB2 /* Build configuration list for PBXNativeTarget "MessagesExtension" */ = {
			isa = XCConfigurationList;
			buildConfigurations = (
				4BCDF8A01E14E760001D2AB2 /* Debug */,
				4BCDF8A11E14E760001D2AB2 /* Release */,
			);
			defaultConfigurationIsVisible = 0;
		};
		4BCDF8A31E14E760001D2AB2 /* Build configuration list for PBXNativeTarget "iMesaageApp" */ = {
			isa = XCConfigurationList;
			buildConfigurations = (
				4BCDF8A41E14E760001D2AB2 /* Debug */,
				4BCDF8A51E14E760001D2AB2 /* Release */,
			);
			defaultConfigurationIsVisible = 0;
		};
/* End XCConfigurationList section */
	};
	rootObject = 4BCDF87D1E14E75F001D2AB2 /* Project object */;
}
